
Microsoft Visual Studio Solution File, Format Version 12.00
# Visual Studio Version 16
VisualStudioVersion = 16.0.32901.82
MinimumVisualStudioVersion = 10.0.40219.1
Project("{FAE04EC0-301F-11D3-BF4B-00C04F79EFBC}") = "Aashi.BookStore", "Aashi.BookStore\Aashi.BookStore.csproj", "{C42BF5DC-598C-4262-942C-376C02AF44F4}"
EndProject
Global
	GlobalSection(SolutionConfigurationPlatforms) = preSolution
		Debug|Any CPU = Debug|Any CPU
		Release|Any CPU = Release|Any CPU
	EndGlobalSection
	GlobalSection(ProjectConfigurationPlatforms) = postSolution
		{C42BF5DC-598C-4262-942C-376C02AF44F4}.Debug|Any CPU.ActiveCfg = Debug|Any CPU
		{C42BF5DC-598C-4262-942C-376C02AF44F4}.Debug|Any CPU.Build.0 = Debug|Any CPU
		{C42BF5DC-598C-4262-942C-376C02AF44F4}.Release|Any CPU.ActiveCfg = Release|Any CPU
		{C42BF5DC-598C-4262-942C-376C02AF44F4}.Release|Any CPU.Build.0 = Release|Any CPU
	EndGlobalSection
	GlobalSection(SolutionProperties) = preSolution
		HideSolutionNode = FALSE
	EndGlobalSection
	GlobalSection(ExtensibilityGlobals) = postSolution
		SolutionGuid = {3ADAAE57-1A14-42F4-8403-E1974EAF2800}
	EndGlobalSection
EndGlobal
